
Microsoft Visual Studio Solution File, Format Version 12.00
# Visual Studio Version 17
VisualStudioVersion = 17.10.35027.167
MinimumVisualStudioVersion = 10.0.40219.1
Project("{FAE04EC0-301F-11D3-BF4B-00C04F79EFBC}") = "FinalWork1101", "FinalWork1101\FinalWork1101.csproj", "{674FB1F8-FD81-49BA-AFB6-93BDC5571A99}"
EndProject
Project("{FAE04EC0-301F-11D3-BF4B-00C04F79EFBC}") = "WebApi", "WebApi\WebApi.csproj", "{75055DEE-9899-4645-B281-8D5FA0632F78}"
EndProject
Project("{FAE04EC0-301F-11D3-BF4B-00C04F79EFBC}") = "DatabaseLibrary", "DbLibrary\DatabaseLibrary.csproj", "{51796823-2FA4-4D16-B78D-CAF4FE00D607}"
EndProject
Global
	GlobalSection(SolutionConfigurationPlatforms) = preSolution
		Debug|Any CPU = Debug|Any CPU
		Release|Any CPU = Release|Any CPU
	EndGlobalSection
	GlobalSection(ProjectConfigurationPlatforms) = postSolution
		{674FB1F8-FD81-49BA-AFB6-93BDC5571A99}.Debug|Any CPU.ActiveCfg = Debug|Any CPU
		{674FB1F8-FD81-49BA-AFB6-93BDC5571A99}.Debug|Any CPU.Build.0 = Debug|Any CPU
		{674FB1F8-FD81-49BA-AFB6-93BDC5571A99}.Release|Any CPU.ActiveCfg = Release|Any CPU
		{674FB1F8-FD81-49BA-AFB6-93BDC5571A99}.Release|Any CPU.Build.0 = Release|Any CPU
		{75055DEE-9899-4645-B281-8D5FA0632F78}.Debug|Any CPU.ActiveCfg = Debug|Any CPU
		{75055DEE-9899-4645-B281-8D5FA0632F78}.Debug|Any CPU.Build.0 = Debug|Any CPU
		{75055DEE-9899-4645-B281-8D5FA0632F78}.Release|Any CPU.ActiveCfg = Release|Any CPU
		{75055DEE-9899-4645-B281-8D5FA0632F78}.Release|Any CPU.Build.0 = Release|Any CPU
		{51796823-2FA4-4D16-B78D-CAF4FE00D607}.Debug|Any CPU.ActiveCfg = Debug|Any CPU
		{51796823-2FA4-4D16-B78D-CAF4FE00D607}.Debug|Any CPU.Build.0 = Debug|Any CPU
		{51796823-2FA4-4D16-B78D-CAF4FE00D607}.Release|Any CPU.ActiveCfg = Release|Any CPU
		{51796823-2FA4-4D16-B78D-CAF4FE00D607}.Release|Any CPU.Build.0 = Release|Any CPU
	EndGlobalSection
	GlobalSection(SolutionProperties) = preSolution
		HideSolutionNode = FALSE
	EndGlobalSection
	GlobalSection(ExtensibilityGlobals) = postSolution
		SolutionGuid = {C03B1A7B-80BF-4657-9C73-1245A5F16EFC}
	EndGlobalSection
EndGlobal
